// !$*UTF8*$!
{
	archiveVersion = 1;
	classes = {
	};
	objectVersion = 56;
	objects = {

/* Begin PBXBuildFile section */
		151B70C32A6F9B0C00354E04 /* ProfileCell.swift in Sources */ = {isa = PBXBuildFile; fileRef = 151B70C22A6F9B0C00354E04 /* ProfileCell.swift */; };
		151B70C52A6F9B1900354E04 /* ProfileHeader.swift in Sources */ = {isa = PBXBuildFile; fileRef = 151B70C42A6F9B1900354E04 /* ProfileHeader.swift */; };
		151B70C72A6FEA0E00354E04 /* Constants.swift in Sources */ = {isa = PBXBuildFile; fileRef = 151B70C62A6FEA0E00354E04 /* Constants.swift */; };
		151B70C92A6FEAAF00354E04 /* UserService.swift in Sources */ = {isa = PBXBuildFile; fileRef = 151B70C82A6FEAAF00354E04 /* UserService.swift */; };
		151B70CB2A6FED4A00354E04 /* User.swift in Sources */ = {isa = PBXBuildFile; fileRef = 151B70CA2A6FED4A00354E04 /* User.swift */; };
		151B70CD2A6FF66D00354E04 /* ProfileHeaderViewModel.swift in Sources */ = {isa = PBXBuildFile; fileRef = 151B70CC2A6FF66D00354E04 /* ProfileHeaderViewModel.swift */; };
		1564C1C32A6D86240007FEC3 /* JGProgressHUD in Frameworks */ = {isa = PBXBuildFile; productRef = 1564C1C22A6D86240007FEC3 /* JGProgressHUD */; };
		1564C1C52A6D86530007FEC3 /* GoogleService-Info.plist in Resources */ = {isa = PBXBuildFile; fileRef = 1564C1C42A6D86530007FEC3 /* GoogleService-Info.plist */; };
		1564C1C82A6D88590007FEC3 /* FirebaseAnalyticsWithoutAdIdSupport in Frameworks */ = {isa = PBXBuildFile; productRef = 1564C1C72A6D88590007FEC3 /* FirebaseAnalyticsWithoutAdIdSupport */; };
		1564C1CA2A6D88590007FEC3 /* FirebaseAuth in Frameworks */ = {isa = PBXBuildFile; productRef = 1564C1C92A6D88590007FEC3 /* FirebaseAuth */; };
		1564C1CC2A6D88590007FEC3 /* FirebaseDatabase in Frameworks */ = {isa = PBXBuildFile; productRef = 1564C1CB2A6D88590007FEC3 /* FirebaseDatabase */; };
		1564C1CE2A6D88590007FEC3 /* FirebaseFirestore in Frameworks */ = {isa = PBXBuildFile; productRef = 1564C1CD2A6D88590007FEC3 /* FirebaseFirestore */; };
		1564C1D02A6D88590007FEC3 /* FirebaseMessaging in Frameworks */ = {isa = PBXBuildFile; productRef = 1564C1CF2A6D88590007FEC3 /* FirebaseMessaging */; };
		1564C1D22A6D88590007FEC3 /* FirebaseStorage in Frameworks */ = {isa = PBXBuildFile; productRef = 1564C1D12A6D88590007FEC3 /* FirebaseStorage */; };
		1564C1D42A6D8F250007FEC3 /* ImageUploader.swift in Sources */ = {isa = PBXBuildFile; fileRef = 1564C1D32A6D8F250007FEC3 /* ImageUploader.swift */; };
		1564C1D62A6D93B40007FEC3 /* AuthService.swift in Sources */ = {isa = PBXBuildFile; fileRef = 1564C1D52A6D93B40007FEC3 /* AuthService.swift */; };
		157127532A6CFC8D002757EE /* LoginController.swift in Sources */ = {isa = PBXBuildFile; fileRef = 157127522A6CFC8D002757EE /* LoginController.swift */; };
		157127552A6CFC9D002757EE /* RegistrationController.swift in Sources */ = {isa = PBXBuildFile; fileRef = 157127542A6CFC9D002757EE /* RegistrationController.swift */; };
		157127572A6D1415002757EE /* CustomTextField.swift in Sources */ = {isa = PBXBuildFile; fileRef = 157127562A6D1415002757EE /* CustomTextField.swift */; };
		157127592A6D2EE9002757EE /* AuthenticationViewModel.swift in Sources */ = {isa = PBXBuildFile; fileRef = 157127582A6D2EE9002757EE /* AuthenticationViewModel.swift */; };
		15B61E832A728E690006949B /* SearchViewCell.swift in Sources */ = {isa = PBXBuildFile; fileRef = 15B61E822A728E690006949B /* SearchViewCell.swift */; };
		15E4AB062A6C3C160024C4C3 /* AppDelegate.swift in Sources */ = {isa = PBXBuildFile; fileRef = 15E4AB052A6C3C160024C4C3 /* AppDelegate.swift */; };
		15E4AB082A6C3C160024C4C3 /* SceneDelegate.swift in Sources */ = {isa = PBXBuildFile; fileRef = 15E4AB072A6C3C160024C4C3 /* SceneDelegate.swift */; };
		15E4AB0A2A6C3C160024C4C3 /* ViewController.swift in Sources */ = {isa = PBXBuildFile; fileRef = 15E4AB092A6C3C160024C4C3 /* ViewController.swift */; };
		15E4AB0D2A6C3C160024C4C3 /* Main.storyboard in Resources */ = {isa = PBXBuildFile; fileRef = 15E4AB0B2A6C3C160024C4C3 /* Main.storyboard */; };
		15E4AB122A6C3C170024C4C3 /* LaunchScreen.storyboard in Resources */ = {isa = PBXBuildFile; fileRef = 15E4AB102A6C3C170024C4C3 /* LaunchScreen.storyboard */; };
		15E4AB1D2A6C3C170024C4C3 /* InstagramAppTests.swift in Sources */ = {isa = PBXBuildFile; fileRef = 15E4AB1C2A6C3C170024C4C3 /* InstagramAppTests.swift */; };
		15E4AB272A6C3C170024C4C3 /* InstagramAppUITests.swift in Sources */ = {isa = PBXBuildFile; fileRef = 15E4AB262A6C3C170024C4C3 /* InstagramAppUITests.swift */; };
		15E4AB292A6C3C170024C4C3 /* InstagramAppUITestsLaunchTests.swift in Sources */ = {isa = PBXBuildFile; fileRef = 15E4AB282A6C3C170024C4C3 /* InstagramAppUITestsLaunchTests.swift */; };
		15E4AB3C2A6C3DB70024C4C3 /* MainTabController.swift in Sources */ = {isa = PBXBuildFile; fileRef = 15E4AB3B2A6C3DB70024C4C3 /* MainTabController.swift */; };
		15E4AB3E2A6C40720024C4C3 /* FeedController.swift in Sources */ = {isa = PBXBuildFile; fileRef = 15E4AB3D2A6C40720024C4C3 /* FeedController.swift */; };
		15E4AB402A6C408C0024C4C3 /* SearchController.swift in Sources */ = {isa = PBXBuildFile; fileRef = 15E4AB3F2A6C408C0024C4C3 /* SearchController.swift */; };
		15E4AB422A6C40A20024C4C3 /* ImageSelectorController.swift in Sources */ = {isa = PBXBuildFile; fileRef = 15E4AB412A6C40A20024C4C3 /* ImageSelectorController.swift */; };
		15E4AB442A6C40B30024C4C3 /* NotificationController.swift in Sources */ = {isa = PBXBuildFile; fileRef = 15E4AB432A6C40B30024C4C3 /* NotificationController.swift */; };
		15E4AB462A6C40C40024C4C3 /* ProfileController.swift in Sources */ = {isa = PBXBuildFile; fileRef = 15E4AB452A6C40C40024C4C3 /* ProfileController.swift */; };
		15E4AB482A6C47550024C4C3 /* Assets.xcassets in Resources */ = {isa = PBXBuildFile; fileRef = 15E4AB472A6C47550024C4C3 /* Assets.xcassets */; };
		15E4AB4C2A6C5BBF0024C4C3 /* FeedCell.swift in Sources */ = {isa = PBXBuildFile; fileRef = 15E4AB4B2A6C5BBF0024C4C3 /* FeedCell.swift */; };
		15E4AB4E2A6C5EF60024C4C3 /* Extensions.swift in Sources */ = {isa = PBXBuildFile; fileRef = 15E4AB4D2A6C5EF60024C4C3 /* Extensions.swift */; };
/* End PBXBuildFile section */

/* Begin PBXContainerItemProxy section */
		15E4AB192A6C3C170024C4C3 /* PBXContainerItemProxy */ = {
			isa = PBXContainerItemProxy;
			containerPortal = 15E4AAFA2A6C3C160024C4C3 /* Project object */;
			proxyType = 1;
			remoteGlobalIDString = 15E4AB012A6C3C160024C4C3;
			remoteInfo = InstagramApp;
		};
		15E4AB232A6C3C170024C4C3 /* PBXContainerItemProxy */ = {
			isa = PBXContainerItemProxy;
			containerPortal = 15E4AAFA2A6C3C160024C4C3 /* Project object */;
			proxyType = 1;
			remoteGlobalIDString = 15E4AB012A6C3C160024C4C3;
			remoteInfo = InstagramApp;
		};
/* End PBXContainerItemProxy section */

/* Begin PBXFileReference section */
		151B70C22A6F9B0C00354E04 /* ProfileCell.swift */ = {isa = PBXFileReference; lastKnownFileType = sourcecode.swift; path = ProfileCell.swift; sourceTree = "<group>"; };
		151B70C42A6F9B1900354E04 /* ProfileHeader.swift */ = {isa = PBXFileReference; lastKnownFileType = sourcecode.swift; path = ProfileHeader.swift; sourceTree = "<group>"; };
		151B70C62A6FEA0E00354E04 /* Constants.swift */ = {isa = PBXFileReference; lastKnownFileType = sourcecode.swift; path = Constants.swift; sourceTree = "<group>"; };
		151B70C82A6FEAAF00354E04 /* UserService.swift */ = {isa = PBXFileReference; lastKnownFileType = sourcecode.swift; name = UserService.swift; path = InstagramApp/Utils/UserService.swift; sourceTree = SOURCE_ROOT; };
		151B70CA2A6FED4A00354E04 /* User.swift */ = {isa = PBXFileReference; lastKnownFileType = sourcecode.swift; name = User.swift; path = InstagramApp/Utils/User.swift; sourceTree = SOURCE_ROOT; };
		151B70CC2A6FF66D00354E04 /* ProfileHeaderViewModel.swift */ = {isa = PBXFileReference; lastKnownFileType = sourcecode.swift; name = ProfileHeaderViewModel.swift; path = InstagramApp/Utils/ProfileHeaderViewModel.swift; sourceTree = SOURCE_ROOT; };
		1564C1C42A6D86530007FEC3 /* GoogleService-Info.plist */ = {isa = PBXFileReference; fileEncoding = 4; lastKnownFileType = text.plist.xml; name = "GoogleService-Info.plist"; path = "../../../../Downloads/GoogleService-Info.plist"; sourceTree = "<group>"; };
		1564C1D32A6D8F250007FEC3 /* ImageUploader.swift */ = {isa = PBXFileReference; lastKnownFileType = sourcecode.swift; name = ImageUploader.swift; path = InstagramApp/View/ImageUploader.swift; sourceTree = SOURCE_ROOT; };
		1564C1D52A6D93B40007FEC3 /* AuthService.swift */ = {isa = PBXFileReference; lastKnownFileType = sourcecode.swift; name = AuthService.swift; path = InstagramApp/View/AuthService.swift; sourceTree = SOURCE_ROOT; };
		157127522A6CFC8D002757EE /* LoginController.swift */ = {isa = PBXFileReference; lastKnownFileType = sourcecode.swift; path = LoginController.swift; sourceTree = "<group>"; };
		157127542A6CFC9D002757EE /* RegistrationController.swift */ = {isa = PBXFileReference; lastKnownFileType = sourcecode.swift; path = RegistrationController.swift; sourceTree = "<group>"; };
		157127562A6D1415002757EE /* CustomTextField.swift */ = {isa = PBXFileReference; lastKnownFileType = sourcecode.swift; path = CustomTextField.swift; sourceTree = "<group>"; };
		157127582A6D2EE9002757EE /* AuthenticationViewModel.swift */ = {isa = PBXFileReference; lastKnownFileType = sourcecode.swift; name = AuthenticationViewModel.swift; path = InstagramApp/View/AuthenticationViewModel.swift; sourceTree = SOURCE_ROOT; };
		15B61E822A728E690006949B /* SearchViewCell.swift */ = {isa = PBXFileReference; lastKnownFileType = sourcecode.swift; path = SearchViewCell.swift; sourceTree = "<group>"; };
		15E4AB022A6C3C160024C4C3 /* InstagramApp.app */ = {isa = PBXFileReference; explicitFileType = wrapper.application; includeInIndex = 0; path = InstagramApp.app; sourceTree = BUILT_PRODUCTS_DIR; };
		15E4AB052A6C3C160024C4C3 /* AppDelegate.swift */ = {isa = PBXFileReference; lastKnownFileType = sourcecode.swift; path = AppDelegate.swift; sourceTree = "<group>"; };
		15E4AB072A6C3C160024C4C3 /* SceneDelegate.swift */ = {isa = PBXFileReference; lastKnownFileType = sourcecode.swift; path = SceneDelegate.swift; sourceTree = "<group>"; };
		15E4AB092A6C3C160024C4C3 /* ViewController.swift */ = {isa = PBXFileReference; lastKnownFileType = sourcecode.swift; path = ViewController.swift; sourceTree = "<group>"; };
		15E4AB0C2A6C3C160024C4C3 /* Base */ = {isa = PBXFileReference; lastKnownFileType = file.storyboard; name = Base; path = Base.lproj/Main.storyboard; sourceTree = "<group>"; };
		15E4AB112A6C3C170024C4C3 /* Base */ = {isa = PBXFileReference; lastKnownFileType = file.storyboard; name = Base; path = Base.lproj/LaunchScreen.storyboard; sourceTree = "<group>"; };
		15E4AB132A6C3C170024C4C3 /* Info.plist */ = {isa = PBXFileReference; lastKnownFileType = text.plist.xml; path = Info.plist; sourceTree = "<group>"; };
		15E4AB182A6C3C170024C4C3 /* InstagramAppTests.xctest */ = {isa = PBXFileReference; explicitFileType = wrapper.cfbundle; includeInIndex = 0; path = InstagramAppTests.xctest; sourceTree = BUILT_PRODUCTS_DIR; };
		15E4AB1C2A6C3C170024C4C3 /* InstagramAppTests.swift */ = {isa = PBXFileReference; lastKnownFileType = sourcecode.swift; path = InstagramAppTests.swift; sourceTree = "<group>"; };
		15E4AB222A6C3C170024C4C3 /* InstagramAppUITests.xctest */ = {isa = PBXFileReference; explicitFileType = wrapper.cfbundle; includeInIndex = 0; path = InstagramAppUITests.xctest; sourceTree = BUILT_PRODUCTS_DIR; };
		15E4AB262A6C3C170024C4C3 /* InstagramAppUITests.swift */ = {isa = PBXFileReference; lastKnownFileType = sourcecode.swift; path = InstagramAppUITests.swift; sourceTree = "<group>"; };
		15E4AB282A6C3C170024C4C3 /* InstagramAppUITestsLaunchTests.swift */ = {isa = PBXFileReference; lastKnownFileType = sourcecode.swift; path = InstagramAppUITestsLaunchTests.swift; sourceTree = "<group>"; };
		15E4AB3B2A6C3DB70024C4C3 /* MainTabController.swift */ = {isa = PBXFileReference; lastKnownFileType = sourcecode.swift; path = MainTabController.swift; sourceTree = "<group>"; };
		15E4AB3D2A6C40720024C4C3 /* FeedController.swift */ = {isa = PBXFileReference; lastKnownFileType = sourcecode.swift; path = FeedController.swift; sourceTree = "<group>"; };
		15E4AB3F2A6C408C0024C4C3 /* SearchController.swift */ = {isa = PBXFileReference; lastKnownFileType = sourcecode.swift; path = SearchController.swift; sourceTree = "<group>"; };
		15E4AB412A6C40A20024C4C3 /* ImageSelectorController.swift */ = {isa = PBXFileReference; lastKnownFileType = sourcecode.swift; path = ImageSelectorController.swift; sourceTree = "<group>"; };
		15E4AB432A6C40B30024C4C3 /* NotificationController.swift */ = {isa = PBXFileReference; lastKnownFileType = sourcecode.swift; path = NotificationController.swift; sourceTree = "<group>"; };
		15E4AB452A6C40C40024C4C3 /* ProfileController.swift */ = {isa = PBXFileReference; lastKnownFileType = sourcecode.swift; path = ProfileController.swift; sourceTree = "<group>"; };
		15E4AB472A6C47550024C4C3 /* Assets.xcassets */ = {isa = PBXFileReference; lastKnownFileType = folder.assetcatalog; name = Assets.xcassets; path = ../../../Assets.xcassets; sourceTree = "<group>"; };
		15E4AB4B2A6C5BBF0024C4C3 /* FeedCell.swift */ = {isa = PBXFileReference; lastKnownFileType = sourcecode.swift; path = FeedCell.swift; sourceTree = "<group>"; };
		15E4AB4D2A6C5EF60024C4C3 /* Extensions.swift */ = {isa = PBXFileReference; lastKnownFileType = sourcecode.swift; path = Extensions.swift; sourceTree = "<group>"; };
/* End PBXFileReference section */

/* Begin PBXFrameworksBuildPhase section */
		15E4AAFF2A6C3C160024C4C3 /* Frameworks */ = {
			isa = PBXFrameworksBuildPhase;
			buildActionMask = 2147483647;
			files = (
				1564C1D02A6D88590007FEC3 /* FirebaseMessaging in Frameworks */,
				1564C1C32A6D86240007FEC3 /* JGProgressHUD in Frameworks */,
				1564C1CA2A6D88590007FEC3 /* FirebaseAuth in Frameworks */,
				1564C1CC2A6D88590007FEC3 /* FirebaseDatabase in Frameworks */,
				1564C1D22A6D88590007FEC3 /* FirebaseStorage in Frameworks */,
				1564C1CE2A6D88590007FEC3 /* FirebaseFirestore in Frameworks */,
				1564C1C82A6D88590007FEC3 /* FirebaseAnalyticsWithoutAdIdSupport in Frameworks */,
			);
			runOnlyForDeploymentPostprocessing = 0;
		};
		15E4AB152A6C3C170024C4C3 /* Frameworks */ = {
			isa = PBXFrameworksBuildPhase;
			buildActionMask = 2147483647;
			files = (
			);
			runOnlyForDeploymentPostprocessing = 0;
		};
		15E4AB1F2A6C3C170024C4C3 /* Frameworks */ = {
			isa = PBXFrameworksBuildPhase;
			buildActionMask = 2147483647;
			files = (
			);
			runOnlyForDeploymentPostprocessing = 0;
		};
/* End PBXFrameworksBuildPhase section */

/* Begin PBXGroup section */
		151B70C12A6F9AF200354E04 /* Profile */ = {
			isa = PBXGroup;
			children = (
				151B70C22A6F9B0C00354E04 /* ProfileCell.swift */,
				151B70C42A6F9B1900354E04 /* ProfileHeader.swift */,
			);
			path = Profile;
			sourceTree = "<group>";
		};
		157127512A6CFC75002757EE /* Authentication */ = {
			isa = PBXGroup;
			children = (
				157127522A6CFC8D002757EE /* LoginController.swift */,
				157127542A6CFC9D002757EE /* RegistrationController.swift */,
			);
			path = Authentication;
			sourceTree = "<group>";
		};
		15E4AAF92A6C3C160024C4C3 = {
			isa = PBXGroup;
			children = (
				15E4AB042A6C3C160024C4C3 /* InstagramApp */,
				15E4AB1B2A6C3C170024C4C3 /* InstagramAppTests */,
				15E4AB252A6C3C170024C4C3 /* InstagramAppUITests */,
				15E4AB032A6C3C160024C4C3 /* Products */,
			);
			sourceTree = "<group>";
		};
		15E4AB032A6C3C160024C4C3 /* Products */ = {
			isa = PBXGroup;
			children = (
				15E4AB022A6C3C160024C4C3 /* InstagramApp.app */,
				15E4AB182A6C3C170024C4C3 /* InstagramAppTests.xctest */,
				15E4AB222A6C3C170024C4C3 /* InstagramAppUITests.xctest */,
			);
			name = Products;
			sourceTree = "<group>";
		};
		15E4AB042A6C3C160024C4C3 /* InstagramApp */ = {
			isa = PBXGroup;
			children = (
				15E4AB3A2A6C3D500024C4C3 /* API */,
				15E4AB392A6C3D3B0024C4C3 /* ViewModel */,
				15E4AB382A6C3D270024C4C3 /* Utils */,
				15E4AB372A6C3D140024C4C3 /* Controllers */,
				15E4AB362A6C3D0A0024C4C3 /* View */,
				15E4AB352A6C3CFD0024C4C3 /* Model */,
				15E4AB052A6C3C160024C4C3 /* AppDelegate.swift */,
				15E4AB072A6C3C160024C4C3 /* SceneDelegate.swift */,
				15E4AB092A6C3C160024C4C3 /* ViewController.swift */,
				15E4AB0B2A6C3C160024C4C3 /* Main.storyboard */,
				15E4AB472A6C47550024C4C3 /* Assets.xcassets */,
				15E4AB102A6C3C170024C4C3 /* LaunchScreen.storyboard */,
				1564C1C42A6D86530007FEC3 /* GoogleService-Info.plist */,
				15E4AB132A6C3C170024C4C3 /* Info.plist */,
			);
			path = InstagramApp;
			sourceTree = "<group>";
		};
		15E4AB1B2A6C3C170024C4C3 /* InstagramAppTests */ = {
			isa = PBXGroup;
			children = (
				15E4AB1C2A6C3C170024C4C3 /* InstagramAppTests.swift */,
			);
			path = InstagramAppTests;
			sourceTree = "<group>";
		};
		15E4AB252A6C3C170024C4C3 /* InstagramAppUITests */ = {
			isa = PBXGroup;
			children = (
				15E4AB262A6C3C170024C4C3 /* InstagramAppUITests.swift */,
				15E4AB282A6C3C170024C4C3 /* InstagramAppUITestsLaunchTests.swift */,
			);
			path = InstagramAppUITests;
			sourceTree = "<group>";
		};
		15E4AB352A6C3CFD0024C4C3 /* Model */ = {
			isa = PBXGroup;
			children = (
				151B70CA2A6FED4A00354E04 /* User.swift */,
			);
			path = Model;
			sourceTree = "<group>";
		};
		15E4AB362A6C3D0A0024C4C3 /* View */ = {
			isa = PBXGroup;
			children = (
				151B70C12A6F9AF200354E04 /* Profile */,
				15E4AB4B2A6C5BBF0024C4C3 /* FeedCell.swift */,
				157127562A6D1415002757EE /* CustomTextField.swift */,
				15B61E822A728E690006949B /* SearchViewCell.swift */,
			);
			path = View;
			sourceTree = "<group>";
		};
		15E4AB372A6C3D140024C4C3 /* Controllers */ = {
			isa = PBXGroup;
			children = (
				157127512A6CFC75002757EE /* Authentication */,
				15E4AB3B2A6C3DB70024C4C3 /* MainTabController.swift */,
				15E4AB3D2A6C40720024C4C3 /* FeedController.swift */,
				15E4AB3F2A6C408C0024C4C3 /* SearchController.swift */,
				15E4AB412A6C40A20024C4C3 /* ImageSelectorController.swift */,
				15E4AB432A6C40B30024C4C3 /* NotificationController.swift */,
				15E4AB452A6C40C40024C4C3 /* ProfileController.swift */,
			);
			path = Controllers;
			sourceTree = "<group>";
		};
		15E4AB382A6C3D270024C4C3 /* Utils */ = {
			isa = PBXGroup;
			children = (
				15E4AB4D2A6C5EF60024C4C3 /* Extensions.swift */,
				151B70C62A6FEA0E00354E04 /* Constants.swift */,
			);
			path = Utils;
			sourceTree = "<group>";
		};
		15E4AB392A6C3D3B0024C4C3 /* ViewModel */ = {
			isa = PBXGroup;
			children = (
				157127582A6D2EE9002757EE /* AuthenticationViewModel.swift */,
				151B70CC2A6FF66D00354E04 /* ProfileHeaderViewModel.swift */,
			);
			path = ViewModel;
			sourceTree = "<group>";
		};
		15E4AB3A2A6C3D500024C4C3 /* API */ = {
			isa = PBXGroup;
			children = (
				1564C1D32A6D8F250007FEC3 /* ImageUploader.swift */,
				1564C1D52A6D93B40007FEC3 /* AuthService.swift */,
				151B70C82A6FEAAF00354E04 /* UserService.swift */,
			);
			path = API;
			sourceTree = "<group>";
		};
/* End PBXGroup section */

/* Begin PBXNativeTarget section */
		15E4AB012A6C3C160024C4C3 /* InstagramApp */ = {
			isa = PBXNativeTarget;
			buildConfigurationList = 15E4AB2C2A6C3C170024C4C3 /* Build configuration list for PBXNativeTarget "InstagramApp" */;
			buildPhases = (
				15E4AAFE2A6C3C160024C4C3 /* Sources */,
				15E4AAFF2A6C3C160024C4C3 /* Frameworks */,
				15E4AB002A6C3C160024C4C3 /* Resources */,
			);
			buildRules = (
			);
			dependencies = (
			);
			name = InstagramApp;
			packageProductDependencies = (
				1564C1C22A6D86240007FEC3 /* JGProgressHUD */,
				1564C1C72A6D88590007FEC3 /* FirebaseAnalyticsWithoutAdIdSupport */,
				1564C1C92A6D88590007FEC3 /* FirebaseAuth */,
				1564C1CB2A6D88590007FEC3 /* FirebaseDatabase */,
				1564C1CD2A6D88590007FEC3 /* FirebaseFirestore */,
				1564C1CF2A6D88590007FEC3 /* FirebaseMessaging */,
				1564C1D12A6D88590007FEC3 /* FirebaseStorage */,
			);
			productName = InstagramApp;
			productReference = 15E4AB022A6C3C160024C4C3 /* InstagramApp.app */;
			productType = "com.apple.product-type.application";
		};
		15E4AB172A6C3C170024C4C3 /* InstagramAppTests */ = {
			isa = PBXNativeTarget;
			buildConfigurationList = 15E4AB2F2A6C3C170024C4C3 /* Build configuration list for PBXNativeTarget "InstagramAppTests" */;
			buildPhases = (
				15E4AB142A6C3C170024C4C3 /* Sources */,
				15E4AB152A6C3C170024C4C3 /* Frameworks */,
				15E4AB162A6C3C170024C4C3 /* Resources */,
			);
			buildRules = (
			);
			dependencies = (
				15E4AB1A2A6C3C170024C4C3 /* PBXTargetDependency */,
			);
			name = InstagramAppTests;
			productName = InstagramAppTests;
			productReference = 15E4AB182A6C3C170024C4C3 /* InstagramAppTests.xctest */;
			productType = "com.apple.product-type.bundle.unit-test";
		};
		15E4AB212A6C3C170024C4C3 /* InstagramAppUITests */ = {
			isa = PBXNativeTarget;
			buildConfigurationList = 15E4AB322A6C3C170024C4C3 /* Build configuration list for PBXNativeTarget "InstagramAppUITests" */;
			buildPhases = (
				15E4AB1E2A6C3C170024C4C3 /* Sources */,
				15E4AB1F2A6C3C170024C4C3 /* Frameworks */,
				15E4AB202A6C3C170024C4C3 /* Resources */,
			);
			buildRules = (
			);
			dependencies = (
				15E4AB242A6C3C170024C4C3 /* PBXTargetDependency */,
			);
			name = InstagramAppUITests;
			productName = InstagramAppUITests;
			productReference = 15E4AB222A6C3C170024C4C3 /* InstagramAppUITests.xctest */;
			productType = "com.apple.product-type.bundle.ui-testing";
		};
/* End PBXNativeTarget section */

/* Begin PBXProject section */
		15E4AAFA2A6C3C160024C4C3 /* Project object */ = {
			isa = PBXProject;
			attributes = {
				BuildIndependentTargetsInParallel = 1;
				LastSwiftUpdateCheck = 1420;
				LastUpgradeCheck = 1420;
				TargetAttributes = {
					15E4AB012A6C3C160024C4C3 = {
						CreatedOnToolsVersion = 14.2;
					};
					15E4AB172A6C3C170024C4C3 = {
						CreatedOnToolsVersion = 14.2;
						TestTargetID = 15E4AB012A6C3C160024C4C3;
					};
					15E4AB212A6C3C170024C4C3 = {
						CreatedOnToolsVersion = 14.2;
						TestTargetID = 15E4AB012A6C3C160024C4C3;
					};
				};
			};
			buildConfigurationList = 15E4AAFD2A6C3C160024C4C3 /* Build configuration list for PBXProject "InstagramApp" */;
			compatibilityVersion = "Xcode 14.0";
			developmentRegion = en;
			hasScannedForEncodings = 0;
			knownRegions = (
				en,
				Base,
			);
			mainGroup = 15E4AAF92A6C3C160024C4C3;
			packageReferences = (
				1564C1C12A6D86240007FEC3 /* XCRemoteSwiftPackageReference "JGProgressHUD" */,
				1564C1C62A6D88590007FEC3 /* XCRemoteSwiftPackageReference "firebase-ios-sdk" */,
			);
			productRefGroup = 15E4AB032A6C3C160024C4C3 /* Products */;
			projectDirPath = "";
			projectRoot = "";
			targets = (
				15E4AB012A6C3C160024C4C3 /* InstagramApp */,
				15E4AB172A6C3C170024C4C3 /* InstagramAppTests */,
				15E4AB212A6C3C170024C4C3 /* InstagramAppUITests */,
			);
		};
/* End PBXProject section */

/* Begin PBXResourcesBuildPhase section */
		15E4AB002A6C3C160024C4C3 /* Resources */ = {
			isa = PBXResourcesBuildPhase;
			buildActionMask = 2147483647;
			files = (
				15E4AB122A6C3C170024C4C3 /* LaunchScreen.storyboard in Resources */,
				1564C1C52A6D86530007FEC3 /* GoogleService-Info.plist in Resources */,
				15E4AB482A6C47550024C4C3 /* Assets.xcassets in Resources */,
				15E4AB0D2A6C3C160024C4C3 /* Main.storyboard in Resources */,
			);
			runOnlyForDeploymentPostprocessing = 0;
		};
		15E4AB162A6C3C170024C4C3 /* Resources */ = {
			isa = PBXResourcesBuildPhase;
			buildActionMask = 2147483647;
			files = (
			);
			runOnlyForDeploymentPostprocessing = 0;
		};
		15E4AB202A6C3C170024C4C3 /* Resources */ = {
			isa = PBXResourcesBuildPhase;
			buildActionMask = 2147483647;
			files = (
			);
			runOnlyForDeploymentPostprocessing = 0;
		};
/* End PBXResourcesBuildPhase section */

/* Begin PBXSourcesBuildPhase section */
		15E4AAFE2A6C3C160024C4C3 /* Sources */ = {
			isa = PBXSourcesBuildPhase;
			buildActionMask = 2147483647;
			files = (
				15B61E832A728E690006949B /* SearchViewCell.swift in Sources */,
				157127572A6D1415002757EE /* CustomTextField.swift in Sources */,
				151B70C52A6F9B1900354E04 /* ProfileHeader.swift in Sources */,
				15E4AB0A2A6C3C160024C4C3 /* ViewController.swift in Sources */,
				157127532A6CFC8D002757EE /* LoginController.swift in Sources */,
				15E4AB4C2A6C5BBF0024C4C3 /* FeedCell.swift in Sources */,
				15E4AB422A6C40A20024C4C3 /* ImageSelectorController.swift in Sources */,
				15E4AB442A6C40B30024C4C3 /* NotificationController.swift in Sources */,
				157127592A6D2EE9002757EE /* AuthenticationViewModel.swift in Sources */,
				15E4AB402A6C408C0024C4C3 /* SearchController.swift in Sources */,
				15E4AB062A6C3C160024C4C3 /* AppDelegate.swift in Sources */,
				151B70CB2A6FED4A00354E04 /* User.swift in Sources */,
				15E4AB462A6C40C40024C4C3 /* ProfileController.swift in Sources */,
				151B70CD2A6FF66D00354E04 /* ProfileHeaderViewModel.swift in Sources */,
				15E4AB3E2A6C40720024C4C3 /* FeedController.swift in Sources */,
				15E4AB3C2A6C3DB70024C4C3 /* MainTabController.swift in Sources */,
				15E4AB4E2A6C5EF60024C4C3 /* Extensions.swift in Sources */,
				151B70C92A6FEAAF00354E04 /* UserService.swift in Sources */,
				1564C1D42A6D8F250007FEC3 /* ImageUploader.swift in Sources */,
				151B70C72A6FEA0E00354E04 /* Constants.swift in Sources */,
				1564C1D62A6D93B40007FEC3 /* AuthService.swift in Sources */,
				151B70C32A6F9B0C00354E04 /* ProfileCell.swift in Sources */,
				15E4AB082A6C3C160024C4C3 /* SceneDelegate.swift in Sources */,
				157127552A6CFC9D002757EE /* RegistrationController.swift in Sources */,
			);
			runOnlyForDeploymentPostprocessing = 0;
		};
		15E4AB142A6C3C170024C4C3 /* Sources */ = {
			isa = PBXSourcesBuildPhase;
			buildActionMask = 2147483647;
			files = (
				15E4AB1D2A6C3C170024C4C3 /* InstagramAppTests.swift in Sources */,
			);
			runOnlyForDeploymentPostprocessing = 0;
		};
		15E4AB1E2A6C3C170024C4C3 /* Sources */ = {
			isa = PBXSourcesBuildPhase;
			buildActionMask = 2147483647;
			files = (
				15E4AB272A6C3C170024C4C3 /* InstagramAppUITests.swift in Sources */,
				15E4AB292A6C3C170024C4C3 /* InstagramAppUITestsLaunchTests.swift in Sources */,
			);
			runOnlyForDeploymentPostprocessing = 0;
		};
/* End PBXSourcesBuildPhase section */

/* Begin PBXTargetDependency section */
		15E4AB1A2A6C3C170024C4C3 /* PBXTargetDependency */ = {
			isa = PBXTargetDependency;
			target = 15E4AB012A6C3C160024C4C3 /* InstagramApp */;
			targetProxy = 15E4AB192A6C3C170024C4C3 /* PBXContainerItemProxy */;
		};
		15E4AB242A6C3C170024C4C3 /* PBXTargetDependency */ = {
			isa = PBXTargetDependency;
			target = 15E4AB012A6C3C160024C4C3 /* InstagramApp */;
			targetProxy = 15E4AB232A6C3C170024C4C3 /* PBXContainerItemProxy */;
		};
/* End PBXTargetDependency section */

/* Begin PBXVariantGroup section */
		15E4AB0B2A6C3C160024C4C3 /* Main.storyboard */ = {
			isa = PBXVariantGroup;
			children = (
				15E4AB0C2A6C3C160024C4C3 /* Base */,
			);
			name = Main.storyboard;
			sourceTree = "<group>";
		};
		15E4AB102A6C3C170024C4C3 /* LaunchScreen.storyboard */ = {
			isa = PBXVariantGroup;
			children = (
				15E4AB112A6C3C170024C4C3 /* Base */,
			);
			name = LaunchScreen.storyboard;
			sourceTree = "<group>";
		};
/* End PBXVariantGroup section */

/* Begin XCBuildConfiguration section */
		15E4AB2A2A6C3C170024C4C3 /* Debug */ = {
			isa = XCBuildConfiguration;
			buildSettings = {
				ALWAYS_SEARCH_USER_PATHS = NO;
				CLANG_ANALYZER_NONNULL = YES;
				CLANG_ANALYZER_NUMBER_OBJECT_CONVERSION = YES_AGGRESSIVE;
				CLANG_CXX_LANGUAGE_STANDARD = "gnu++20";
				CLANG_ENABLE_MODULES = YES;
				CLANG_ENABLE_OBJC_ARC = YES;
				CLANG_ENABLE_OBJC_WEAK = YES;
				CLANG_WARN_BLOCK_CAPTURE_AUTORELEASING = YES;
				CLANG_WARN_BOOL_CONVERSION = YES;
				CLANG_WARN_COMMA = YES;
				CLANG_WARN_CONSTANT_CONVERSION = YES;
				CLANG_WARN_DEPRECATED_OBJC_IMPLEMENTATIONS = YES;
				CLANG_WARN_DIRECT_OBJC_ISA_USAGE = YES_ERROR;
				CLANG_WARN_DOCUMENTATION_COMMENTS = YES;
				CLANG_WARN_EMPTY_BODY = YES;
				CLANG_WARN_ENUM_CONVERSION = YES;
				CLANG_WARN_INFINITE_RECURSION = YES;
				CLANG_WARN_INT_CONVERSION = YES;
				CLANG_WARN_NON_LITERAL_NULL_CONVERSION = YES;
				CLANG_WARN_OBJC_IMPLICIT_RETAIN_SELF = YES;
				CLANG_WARN_OBJC_LITERAL_CONVERSION = YES;
				CLANG_WARN_OBJC_ROOT_CLASS = YES_ERROR;
				CLANG_WARN_QUOTED_INCLUDE_IN_FRAMEWORK_HEADER = YES;
				CLANG_WARN_RANGE_LOOP_ANALYSIS = YES;
				CLANG_WARN_STRICT_PROTOTYPES = YES;
				CLANG_WARN_SUSPICIOUS_MOVE = YES;
				CLANG_WARN_UNGUARDED_AVAILABILITY = YES_AGGRESSIVE;
				CLANG_WARN_UNREACHABLE_CODE = YES;
				CLANG_WARN__DUPLICATE_METHOD_MATCH = YES;
				COPY_PHASE_STRIP = NO;
				DEBUG_INFORMATION_FORMAT = dwarf;
				ENABLE_STRICT_OBJC_MSGSEND = YES;
				ENABLE_TESTABILITY = YES;
				GCC_C_LANGUAGE_STANDARD = gnu11;
				GCC_DYNAMIC_NO_PIC = NO;
				GCC_NO_COMMON_BLOCKS = YES;
				GCC_OPTIMIZATION_LEVEL = 0;
				GCC_PREPROCESSOR_DEFINITIONS = (
					"DEBUG=1",
					"$(inherited)",
				);
				GCC_WARN_64_TO_32_BIT_CONVERSION = YES;
				GCC_WARN_ABOUT_RETURN_TYPE = YES_ERROR;
				GCC_WARN_UNDECLARED_SELECTOR = YES;
				GCC_WARN_UNINITIALIZED_AUTOS = YES_AGGRESSIVE;
				GCC_WARN_UNUSED_FUNCTION = YES;
				GCC_WARN_UNUSED_VARIABLE = YES;
				IPHONEOS_DEPLOYMENT_TARGET = 16.2;
				MTL_ENABLE_DEBUG_INFO = INCLUDE_SOURCE;
				MTL_FAST_MATH = YES;
				ONLY_ACTIVE_ARCH = YES;
				SDKROOT = iphoneos;
				SWIFT_ACTIVE_COMPILATION_CONDITIONS = DEBUG;
				SWIFT_OPTIMIZATION_LEVEL = "-Onone";
			};
			name = Debug;
		};
		15E4AB2B2A6C3C170024C4C3 /* Release */ = {
			isa = XCBuildConfiguration;
			buildSettings = {
				ALWAYS_SEARCH_USER_PATHS = NO;
				CLANG_ANALYZER_NONNULL = YES;
				CLANG_ANALYZER_NUMBER_OBJECT_CONVERSION = YES_AGGRESSIVE;
				CLANG_CXX_LANGUAGE_STANDARD = "gnu++20";
				CLANG_ENABLE_MODULES = YES;
				CLANG_ENABLE_OBJC_ARC = YES;
				CLANG_ENABLE_OBJC_WEAK = YES;
				CLANG_WARN_BLOCK_CAPTURE_AUTORELEASING = YES;
				CLANG_WARN_BOOL_CONVERSION = YES;
				CLANG_WARN_COMMA = YES;
				CLANG_WARN_CONSTANT_CONVERSION = YES;
				CLANG_WARN_DEPRECATED_OBJC_IMPLEMENTATIONS = YES;
				CLANG_WARN_DIRECT_OBJC_ISA_USAGE = YES_ERROR;
				CLANG_WARN_DOCUMENTATION_COMMENTS = YES;
				CLANG_WARN_EMPTY_BODY = YES;
				CLANG_WARN_ENUM_CONVERSION = YES;
				CLANG_WARN_INFINITE_RECURSION = YES;
				CLANG_WARN_INT_CONVERSION = YES;
				CLANG_WARN_NON_LITERAL_NULL_CONVERSION = YES;
				CLANG_WARN_OBJC_IMPLICIT_RETAIN_SELF = YES;
				CLANG_WARN_OBJC_LITERAL_CONVERSION = YES;
				CLANG_WARN_OBJC_ROOT_CLASS = YES_ERROR;
				CLANG_WARN_QUOTED_INCLUDE_IN_FRAMEWORK_HEADER = YES;
				CLANG_WARN_RANGE_LOOP_ANALYSIS = YES;
				CLANG_WARN_STRICT_PROTOTYPES = YES;
				CLANG_WARN_SUSPICIOUS_MOVE = YES;
				CLANG_WARN_UNGUARDED_AVAILABILITY = YES_AGGRESSIVE;
				CLANG_WARN_UNREACHABLE_CODE = YES;
				CLANG_WARN__DUPLICATE_METHOD_MATCH = YES;
				COPY_PHASE_STRIP = NO;
				DEBUG_INFORMATION_FORMAT = "dwarf-with-dsym";
				ENABLE_NS_ASSERTIONS = NO;
				ENABLE_STRICT_OBJC_MSGSEND = YES;
				GCC_C_LANGUAGE_STANDARD = gnu11;
				GCC_NO_COMMON_BLOCKS = YES;
				GCC_WARN_64_TO_32_BIT_CONVERSION = YES;
				GCC_WARN_ABOUT_RETURN_TYPE = YES_ERROR;
				GCC_WARN_UNDECLARED_SELECTOR = YES;
				GCC_WARN_UNINITIALIZED_AUTOS = YES_AGGRESSIVE;
				GCC_WARN_UNUSED_FUNCTION = YES;
				GCC_WARN_UNUSED_VARIABLE = YES;
				IPHONEOS_DEPLOYMENT_TARGET = 16.2;
				MTL_ENABLE_DEBUG_INFO = NO;
				MTL_FAST_MATH = YES;
				SDKROOT = iphoneos;
				SWIFT_COMPILATION_MODE = wholemodule;
				SWIFT_OPTIMIZATION_LEVEL = "-O";
				VALIDATE_PRODUCT = YES;
			};
			name = Release;
		};
		15E4AB2D2A6C3C170024C4C3 /* Debug */ = {
			isa = XCBuildConfiguration;
			buildSettings = {
				ASSETCATALOG_COMPILER_APPICON_NAME = AppIcon;
				ASSETCATALOG_COMPILER_GLOBAL_ACCENT_COLOR_NAME = AccentColor;
				CODE_SIGN_STYLE = Automatic;
				CURRENT_PROJECT_VERSION = 1;
				DEVELOPMENT_TEAM = M426K645Y9;
				GENERATE_INFOPLIST_FILE = YES;
				INFOPLIST_FILE = InstagramApp/Info.plist;
				INFOPLIST_KEY_UIApplicationSupportsIndirectInputEvents = YES;
				INFOPLIST_KEY_UILaunchStoryboardName = LaunchScreen;
				INFOPLIST_KEY_UIMainStoryboardFile = Main;
				INFOPLIST_KEY_UISupportedInterfaceOrientations_iPad = "UIInterfaceOrientationPortrait UIInterfaceOrientationPortraitUpsideDown UIInterfaceOrientationLandscapeLeft UIInterfaceOrientationLandscapeRight";
				INFOPLIST_KEY_UISupportedInterfaceOrientations_iPhone = "UIInterfaceOrientationPortrait UIInterfaceOrientationLandscapeLeft UIInterfaceOrientationLandscapeRight";
				LD_RUNPATH_SEARCH_PATHS = (
					"$(inherited)",
					"@executable_path/Frameworks",
				);
				MARKETING_VERSION = 1.0;
				PRODUCT_BUNDLE_IDENTIFIER = com.zaman.InstagramApp;
				PRODUCT_NAME = "$(TARGET_NAME)";
				SWIFT_EMIT_LOC_STRINGS = YES;
				SWIFT_VERSION = 5.0;
				TARGETED_DEVICE_FAMILY = "1,2";
			};
			name = Debug;
		};
		15E4AB2E2A6C3C170024C4C3 /* Release */ = {
			isa = XCBuildConfiguration;
			buildSettings = {
				ASSETCATALOG_COMPILER_APPICON_NAME = AppIcon;
				ASSETCATALOG_COMPILER_GLOBAL_ACCENT_COLOR_NAME = AccentColor;
				CODE_SIGN_STYLE = Automatic;
				CURRENT_PROJECT_VERSION = 1;
				DEVELOPMENT_TEAM = M426K645Y9;
				GENERATE_INFOPLIST_FILE = YES;
				INFOPLIST_FILE = InstagramApp/Info.plist;
				INFOPLIST_KEY_UIApplicationSupportsIndirectInputEvents = YES;
				INFOPLIST_KEY_UILaunchStoryboardName = LaunchScreen;
				INFOPLIST_KEY_UIMainStoryboardFile = Main;
				INFOPLIST_KEY_UISupportedInterfaceOrientations_iPad = "UIInterfaceOrientationPortrait UIInterfaceOrientationPortraitUpsideDown UIInterfaceOrientationLandscapeLeft UIInterfaceOrientationLandscapeRight";
				INFOPLIST_KEY_UISupportedInterfaceOrientations_iPhone = "UIInterfaceOrientationPortrait UIInterfaceOrientationLandscapeLeft UIInterfaceOrientationLandscapeRight";
				LD_RUNPATH_SEARCH_PATHS = (
					"$(inherited)",
					"@executable_path/Frameworks",
				);
				MARKETING_VERSION = 1.0;
				PRODUCT_BUNDLE_IDENTIFIER = com.zaman.InstagramApp;
				PRODUCT_NAME = "$(TARGET_NAME)";
				SWIFT_EMIT_LOC_STRINGS = YES;
				SWIFT_VERSION = 5.0;
				TARGETED_DEVICE_FAMILY = "1,2";
			};
			name = Release;
		};
		15E4AB302A6C3C170024C4C3 /* Debug */ = {
			isa = XCBuildConfiguration;
			buildSettings = {
				ALWAYS_EMBED_SWIFT_STANDARD_LIBRARIES = YES;
				BUNDLE_LOADER = "$(TEST_HOST)";
				CODE_SIGN_STYLE = Automatic;
				CURRENT_PROJECT_VERSION = 1;
				DEVELOPMENT_TEAM = M426K645Y9;
				GENERATE_INFOPLIST_FILE = YES;
				IPHONEOS_DEPLOYMENT_TARGET = 16.2;
				MARKETING_VERSION = 1.0;
				PRODUCT_BUNDLE_IDENTIFIER = com.zaman.InstagramAppTests;
				PRODUCT_NAME = "$(TARGET_NAME)";
				SWIFT_EMIT_LOC_STRINGS = NO;
				SWIFT_VERSION = 5.0;
				TARGETED_DEVICE_FAMILY = "1,2";
				TEST_HOST = "$(BUILT_PRODUCTS_DIR)/InstagramApp.app/$(BUNDLE_EXECUTABLE_FOLDER_PATH)/InstagramApp";
			};
			name = Debug;
		};
		15E4AB312A6C3C170024C4C3 /* Release */ = {
			isa = XCBuildConfiguration;
			buildSettings = {
				ALWAYS_EMBED_SWIFT_STANDARD_LIBRARIES = YES;
				BUNDLE_LOADER = "$(TEST_HOST)";
				CODE_SIGN_STYLE = Automatic;
				CURRENT_PROJECT_VERSION = 1;
				DEVELOPMENT_TEAM = M426K645Y9;
				GENERATE_INFOPLIST_FILE = YES;
				IPHONEOS_DEPLOYMENT_TARGET = 16.2;
				MARKETING_VERSION = 1.0;
				PRODUCT_BUNDLE_IDENTIFIER = com.zaman.InstagramAppTests;
				PRODUCT_NAME = "$(TARGET_NAME)";
				SWIFT_EMIT_LOC_STRINGS = NO;
				SWIFT_VERSION = 5.0;
				TARGETED_DEVICE_FAMILY = "1,2";
				TEST_HOST = "$(BUILT_PRODUCTS_DIR)/InstagramApp.app/$(BUNDLE_EXECUTABLE_FOLDER_PATH)/InstagramApp";
			};
			name = Release;
		};
		15E4AB332A6C3C170024C4C3 /* Debug */ = {
			isa = XCBuildConfiguration;
			buildSettings = {
				ALWAYS_EMBED_SWIFT_STANDARD_LIBRARIES = YES;
				CODE_SIGN_STYLE = Automatic;
				CURRENT_PROJECT_VERSION = 1;
				DEVELOPMENT_TEAM = M426K645Y9;
				GENERATE_INFOPLIST_FILE = YES;
				MARKETING_VERSION = 1.0;
				PRODUCT_BUNDLE_IDENTIFIER = com.zaman.InstagramAppUITests;
				PRODUCT_NAME = "$(TARGET_NAME)";
				SWIFT_EMIT_LOC_STRINGS = NO;
				SWIFT_VERSION = 5.0;
				TARGETED_DEVICE_FAMILY = "1,2";
				TEST_TARGET_NAME = InstagramApp;
			};
			name = Debug;
		};
		15E4AB342A6C3C170024C4C3 /* Release */ = {
			isa = XCBuildConfiguration;
			buildSettings = {
				ALWAYS_EMBED_SWIFT_STANDARD_LIBRARIES = YES;
				CODE_SIGN_STYLE = Automatic;
				CURRENT_PROJECT_VERSION = 1;
				DEVELOPMENT_TEAM = M426K645Y9;
				GENERATE_INFOPLIST_FILE = YES;
				MARKETING_VERSION = 1.0;
				PRODUCT_BUNDLE_IDENTIFIER = com.zaman.InstagramAppUITests;
				PRODUCT_NAME = "$(TARGET_NAME)";
				SWIFT_EMIT_LOC_STRINGS = NO;
				SWIFT_VERSION = 5.0;
				TARGETED_DEVICE_FAMILY = "1,2";
				TEST_TARGET_NAME = InstagramApp;
			};
			name = Release;
		};
/* End XCBuildConfiguration section */

/* Begin XCConfigurationList section */
		15E4AAFD2A6C3C160024C4C3 /* Build configuration list for PBXProject "InstagramApp" */ = {
			isa = XCConfigurationList;
			buildConfigurations = (
				15E4AB2A2A6C3C170024C4C3 /* Debug */,
				15E4AB2B2A6C3C170024C4C3 /* Release */,
			);
			defaultConfigurationIsVisible = 0;
			defaultConfigurationName = Release;
		};
		15E4AB2C2A6C3C170024C4C3 /* Build configuration list for PBXNativeTarget "InstagramApp" */ = {
			isa = XCConfigurationList;
			buildConfigurations = (
				15E4AB2D2A6C3C170024C4C3 /* Debug */,
				15E4AB2E2A6C3C170024C4C3 /* Release */,
			);
			defaultConfigurationIsVisible = 0;
			defaultConfigurationName = Release;
		};
		15E4AB2F2A6C3C170024C4C3 /* Build configuration list for PBXNativeTarget "InstagramAppTests" */ = {
			isa = XCConfigurationList;
			buildConfigurations = (
				15E4AB302A6C3C170024C4C3 /* Debug */,
				15E4AB312A6C3C170024C4C3 /* Release */,
			);
			defaultConfigurationIsVisible = 0;
			defaultConfigurationName = Release;
		};
		15E4AB322A6C3C170024C4C3 /* Build configuration list for PBXNativeTarget "InstagramAppUITests" */ = {
			isa = XCConfigurationList;
			buildConfigurations = (
				15E4AB332A6C3C170024C4C3 /* Debug */,
				15E4AB342A6C3C170024C4C3 /* Release */,
			);
			defaultConfigurationIsVisible = 0;
			defaultConfigurationName = Release;
		};
/* End XCConfigurationList section */

/* Begin XCRemoteSwiftPackageReference section */
		1564C1C12A6D86240007FEC3 /* XCRemoteSwiftPackageReference "JGProgressHUD" */ = {
			isa = XCRemoteSwiftPackageReference;
			repositoryURL = "https://github.com/JonasGessner/JGProgressHUD.git";
			requirement = {
				branch = master;
				kind = branch;
			};
		};
		1564C1C62A6D88590007FEC3 /* XCRemoteSwiftPackageReference "firebase-ios-sdk" */ = {
			isa = XCRemoteSwiftPackageReference;
			repositoryURL = "https://github.com/firebase/firebase-ios-sdk.git";
			requirement = {
				kind = upToNextMajorVersion;
				minimumVersion = 9.0.0;
			};
		};
/* End XCRemoteSwiftPackageReference section */

/* Begin XCSwiftPackageProductDependency section */
		1564C1C22A6D86240007FEC3 /* JGProgressHUD */ = {
			isa = XCSwiftPackageProductDependency;
			package = 1564C1C12A6D86240007FEC3 /* XCRemoteSwiftPackageReference "JGProgressHUD" */;
			productName = JGProgressHUD;
		};
		1564C1C72A6D88590007FEC3 /* FirebaseAnalyticsWithoutAdIdSupport */ = {
			isa = XCSwiftPackageProductDependency;
			package = 1564C1C62A6D88590007FEC3 /* XCRemoteSwiftPackageReference "firebase-ios-sdk" */;
			productName = FirebaseAnalyticsWithoutAdIdSupport;
		};
		1564C1C92A6D88590007FEC3 /* FirebaseAuth */ = {
			isa = XCSwiftPackageProductDependency;
			package = 1564C1C62A6D88590007FEC3 /* XCRemoteSwiftPackageReference "firebase-ios-sdk" */;
			productName = FirebaseAuth;
		};
		1564C1CB2A6D88590007FEC3 /* FirebaseDatabase */ = {
			isa = XCSwiftPackageProductDependency;
			package = 1564C1C62A6D88590007FEC3 /* XCRemoteSwiftPackageReference "firebase-ios-sdk" */;
			productName = FirebaseDatabase;
		};
		1564C1CD2A6D88590007FEC3 /* FirebaseFirestore */ = {
			isa = XCSwiftPackageProductDependency;
			package = 1564C1C62A6D88590007FEC3 /* XCRemoteSwiftPackageReference "firebase-ios-sdk" */;
			productName = FirebaseFirestore;
		};
		1564C1CF2A6D88590007FEC3 /* FirebaseMessaging */ = {
			isa = XCSwiftPackageProductDependency;
			package = 1564C1C62A6D88590007FEC3 /* XCRemoteSwiftPackageReference "firebase-ios-sdk" */;
			productName = FirebaseMessaging;
		};
		1564C1D12A6D88590007FEC3 /* FirebaseStorage */ = {
			isa = XCSwiftPackageProductDependency;
			package = 1564C1C62A6D88590007FEC3 /* XCRemoteSwiftPackageReference "firebase-ios-sdk" */;
			productName = FirebaseStorage;
		};
/* End XCSwiftPackageProductDependency section */
	};
	rootObject = 15E4AAFA2A6C3C160024C4C3 /* Project object */;
}
